// !$*UTF8*$!
{
	archiveVersion = 1;
	classes = {
	};
	objectVersion = 50;
	objects = {

/* Begin PBXBuildFile section */
		065715B62227544500C65C89 /* LoginViewController.swift in Sources */ = {isa = PBXBuildFile; fileRef = 065715B52227544500C65C89 /* LoginViewController.swift */; };
		065715B82227547B00C65C89 /* FeedViewController.swift in Sources */ = {isa = PBXBuildFile; fileRef = 065715B72227547B00C65C89 /* FeedViewController.swift */; };
		067F27042234792100598FFF /* CommentCell.swift in Sources */ = {isa = PBXBuildFile; fileRef = 067F27032234792100598FFF /* CommentCell.swift */; };
		06E5AE99222CD7FE00764793 /* CameraViewController.swift in Sources */ = {isa = PBXBuildFile; fileRef = 06E5AE98222CD7FE00764793 /* CameraViewController.swift */; };
		06E5AE9B222CE47900764793 /* PostCell.swift in Sources */ = {isa = PBXBuildFile; fileRef = 06E5AE9A222CE47900764793 /* PostCell.swift */; };
		06F508052224B2F0008E1518 /* AppDelegate.swift in Sources */ = {isa = PBXBuildFile; fileRef = 06F508042224B2F0008E1518 /* AppDelegate.swift */; };
		06F5080A2224B2F0008E1518 /* Main.storyboard in Resources */ = {isa = PBXBuildFile; fileRef = 06F508082224B2F0008E1518 /* Main.storyboard */; };
		06F5080C2224B2F5008E1518 /* Assets.xcassets in Resources */ = {isa = PBXBuildFile; fileRef = 06F5080B2224B2F5008E1518 /* Assets.xcassets */; };
		06F5080F2224B2F5008E1518 /* LaunchScreen.storyboard in Resources */ = {isa = PBXBuildFile; fileRef = 06F5080D2224B2F5008E1518 /* LaunchScreen.storyboard */; };
		06F5081A2224B2F5008E1518 /* ParstagramTests.swift in Sources */ = {isa = PBXBuildFile; fileRef = 06F508192224B2F5008E1518 /* ParstagramTests.swift */; };
		06F508252224B2F5008E1518 /* ParstagramUITests.swift in Sources */ = {isa = PBXBuildFile; fileRef = 06F508242224B2F5008E1518 /* ParstagramUITests.swift */; };
		18FB73DC970CD0F614985BC8 /* Pods_Parstagram.framework in Frameworks */ = {isa = PBXBuildFile; fileRef = D8071BB9D13D59F364120FCC /* Pods_Parstagram.framework */; };
		5D4AB1D48BBB35C0CBCDC8C8 /* Pods_ParstagramUITests.framework in Frameworks */ = {isa = PBXBuildFile; fileRef = 4FC621CE6377E7AF5CBD5099 /* Pods_ParstagramUITests.framework */; };
		7D281C40D1B69C1BEAC97198 /* Pods_ParstagramTests.framework in Frameworks */ = {isa = PBXBuildFile; fileRef = D524C7B0689E609E16088676 /* Pods_ParstagramTests.framework */; };
/* End PBXBuildFile section */

/* Begin PBXContainerItemProxy section */
		06F508162224B2F5008E1518 /* PBXContainerItemProxy */ = {
			isa = PBXContainerItemProxy;
			containerPortal = 06F507F92224B2F0008E1518 /* Project object */;
			proxyType = 1;
			remoteGlobalIDString = 06F508002224B2F0008E1518;
			remoteInfo = Parstagram;
		};
		06F508212224B2F5008E1518 /* PBXContainerItemProxy */ = {
			isa = PBXContainerItemProxy;
			containerPortal = 06F507F92224B2F0008E1518 /* Project object */;
			proxyType = 1;
			remoteGlobalIDString = 06F508002224B2F0008E1518;
			remoteInfo = Parstagram;
		};
/* End PBXContainerItemProxy section */

/* Begin PBXFileReference section */
		065715B52227544500C65C89 /* LoginViewController.swift */ = {isa = PBXFileReference; lastKnownFileType = sourcecode.swift; path = LoginViewController.swift; sourceTree = "<group>"; };
		065715B72227547B00C65C89 /* FeedViewController.swift */ = {isa = PBXFileReference; lastKnownFileType = sourcecode.swift; path = FeedViewController.swift; sourceTree = "<group>"; };
		067F27032234792100598FFF /* CommentCell.swift */ = {isa = PBXFileReference; lastKnownFileType = sourcecode.swift; path = CommentCell.swift; sourceTree = "<group>"; };
		06E5AE98222CD7FE00764793 /* CameraViewController.swift */ = {isa = PBXFileReference; lastKnownFileType = sourcecode.swift; path = CameraViewController.swift; sourceTree = "<group>"; };
		06E5AE9A222CE47900764793 /* PostCell.swift */ = {isa = PBXFileReference; lastKnownFileType = sourcecode.swift; path = PostCell.swift; sourceTree = "<group>"; };
		06F508012224B2F0008E1518 /* Parstagram.app */ = {isa = PBXFileReference; explicitFileType = wrapper.application; includeInIndex = 0; path = Parstagram.app; sourceTree = BUILT_PRODUCTS_DIR; };
		06F508042224B2F0008E1518 /* AppDelegate.swift */ = {isa = PBXFileReference; lastKnownFileType = sourcecode.swift; path = AppDelegate.swift; sourceTree = "<group>"; };
		06F508092224B2F0008E1518 /* Base */ = {isa = PBXFileReference; lastKnownFileType = file.storyboard; name = Base; path = Base.lproj/Main.storyboard; sourceTree = "<group>"; };
		06F5080B2224B2F5008E1518 /* Assets.xcassets */ = {isa = PBXFileReference; lastKnownFileType = folder.assetcatalog; path = Assets.xcassets; sourceTree = "<group>"; };
		06F5080E2224B2F5008E1518 /* Base */ = {isa = PBXFileReference; lastKnownFileType = file.storyboard; name = Base; path = Base.lproj/LaunchScreen.storyboard; sourceTree = "<group>"; };
		06F508102224B2F5008E1518 /* Info.plist */ = {isa = PBXFileReference; lastKnownFileType = text.plist.xml; path = Info.plist; sourceTree = "<group>"; };
		06F508152224B2F5008E1518 /* ParstagramTests.xctest */ = {isa = PBXFileReference; explicitFileType = wrapper.cfbundle; includeInIndex = 0; path = ParstagramTests.xctest; sourceTree = BUILT_PRODUCTS_DIR; };
		06F508192224B2F5008E1518 /* ParstagramTests.swift */ = {isa = PBXFileReference; lastKnownFileType = sourcecode.swift; path = ParstagramTests.swift; sourceTree = "<group>"; };
		06F5081B2224B2F5008E1518 /* Info.plist */ = {isa = PBXFileReference; lastKnownFileType = text.plist.xml; path = Info.plist; sourceTree = "<group>"; };
		06F508202224B2F5008E1518 /* ParstagramUITests.xctest */ = {isa = PBXFileReference; explicitFileType = wrapper.cfbundle; includeInIndex = 0; path = ParstagramUITests.xctest; sourceTree = BUILT_PRODUCTS_DIR; };
		06F508242224B2F5008E1518 /* ParstagramUITests.swift */ = {isa = PBXFileReference; lastKnownFileType = sourcecode.swift; path = ParstagramUITests.swift; sourceTree = "<group>"; };
		06F508262224B2F5008E1518 /* Info.plist */ = {isa = PBXFileReference; lastKnownFileType = text.plist.xml; path = Info.plist; sourceTree = "<group>"; };
		303F367CB5A0EEB2A6830C6A /* Pods-ParstagramUITests.release.xcconfig */ = {isa = PBXFileReference; includeInIndex = 1; lastKnownFileType = text.xcconfig; name = "Pods-ParstagramUITests.release.xcconfig"; path = "Pods/Target Support Files/Pods-ParstagramUITests/Pods-ParstagramUITests.release.xcconfig"; sourceTree = "<group>"; };
		465877FDF3BEE11B643C83D4 /* Pods-Parstagram.debug.xcconfig */ = {isa = PBXFileReference; includeInIndex = 1; lastKnownFileType = text.xcconfig; name = "Pods-Parstagram.debug.xcconfig"; path = "Pods/Target Support Files/Pods-Parstagram/Pods-Parstagram.debug.xcconfig"; sourceTree = "<group>"; };
		4FC621CE6377E7AF5CBD5099 /* Pods_ParstagramUITests.framework */ = {isa = PBXFileReference; explicitFileType = wrapper.framework; includeInIndex = 0; path = Pods_ParstagramUITests.framework; sourceTree = BUILT_PRODUCTS_DIR; };
		8724DE7954F7AAD80DE3F5D6 /* Pods-ParstagramTests.release.xcconfig */ = {isa = PBXFileReference; includeInIndex = 1; lastKnownFileType = text.xcconfig; name = "Pods-ParstagramTests.release.xcconfig"; path = "Pods/Target Support Files/Pods-ParstagramTests/Pods-ParstagramTests.release.xcconfig"; sourceTree = "<group>"; };
		C43E7C043F0135EC7308B839 /* Pods-Parstagram.release.xcconfig */ = {isa = PBXFileReference; includeInIndex = 1; lastKnownFileType = text.xcconfig; name = "Pods-Parstagram.release.xcconfig"; path = "Pods/Target Support Files/Pods-Parstagram/Pods-Parstagram.release.xcconfig"; sourceTree = "<group>"; };
		D524C7B0689E609E16088676 /* Pods_ParstagramTests.framework */ = {isa = PBXFileReference; explicitFileType = wrapper.framework; includeInIndex = 0; path = Pods_ParstagramTests.framework; sourceTree = BUILT_PRODUCTS_DIR; };
		D8071BB9D13D59F364120FCC /* Pods_Parstagram.framework */ = {isa = PBXFileReference; explicitFileType = wrapper.framework; includeInIndex = 0; path = Pods_Parstagram.framework; sourceTree = BUILT_PRODUCTS_DIR; };
		EB1A9AB2096E7006641F1791 /* Pods-ParstagramTests.debug.xcconfig */ = {isa = PBXFileReference; includeInIndex = 1; lastKnownFileType = text.xcconfig; name = "Pods-ParstagramTests.debug.xcconfig"; path = "Pods/Target Support Files/Pods-ParstagramTests/Pods-ParstagramTests.debug.xcconfig"; sourceTree = "<group>"; };
		EEA958357443BDB3FF7C8F3C /* Pods-ParstagramUITests.debug.xcconfig */ = {isa = PBXFileReference; includeInIndex = 1; lastKnownFileType = text.xcconfig; name = "Pods-ParstagramUITests.debug.xcconfig"; path = "Pods/Target Support Files/Pods-ParstagramUITests/Pods-ParstagramUITests.debug.xcconfig"; sourceTree = "<group>"; };
/* End PBXFileReference section */

/* Begin PBXFrameworksBuildPhase section */
		06F507FE2224B2F0008E1518 /* Frameworks */ = {
			isa = PBXFrameworksBuildPhase;
			buildActionMask = 2147483647;
			files = (
				18FB73DC970CD0F614985BC8 /* Pods_Parstagram.framework in Frameworks */,
			);
			runOnlyForDeploymentPostprocessing = 0;
		};
		06F508122224B2F5008E1518 /* Frameworks */ = {
			isa = PBXFrameworksBuildPhase;
			buildActionMask = 2147483647;
			files = (
				7D281C40D1B69C1BEAC97198 /* Pods_ParstagramTests.framework in Frameworks */,
			);
			runOnlyForDeploymentPostprocessing = 0;
		};
		06F5081D2224B2F5008E1518 /* Frameworks */ = {
			isa = PBXFrameworksBuildPhase;
			buildActionMask = 2147483647;
			files = (
				5D4AB1D48BBB35C0CBCDC8C8 /* Pods_ParstagramUITests.framework in Frameworks */,
			);
			runOnlyForDeploymentPostprocessing = 0;
		};
/* End PBXFrameworksBuildPhase section */

/* Begin PBXGroup section */
		06F507F82224B2F0008E1518 = {
			isa = PBXGroup;
			children = (
				06F508032224B2F0008E1518 /* Parstagram */,
				06F508182224B2F5008E1518 /* ParstagramTests */,
				06F508232224B2F5008E1518 /* ParstagramUITests */,
				06F508022224B2F0008E1518 /* Products */,
				7D26CE2D867389F11B4AAFEB /* Pods */,
				9D570A4428D33A6A50E2C670 /* Frameworks */,
			);
			sourceTree = "<group>";
		};
		06F508022224B2F0008E1518 /* Products */ = {
			isa = PBXGroup;
			children = (
				06F508012224B2F0008E1518 /* Parstagram.app */,
				06F508152224B2F5008E1518 /* ParstagramTests.xctest */,
				06F508202224B2F5008E1518 /* ParstagramUITests.xctest */,
			);
			name = Products;
			sourceTree = "<group>";
		};
		06F508032224B2F0008E1518 /* Parstagram */ = {
			isa = PBXGroup;
			children = (
				06F508042224B2F0008E1518 /* AppDelegate.swift */,
				06F508082224B2F0008E1518 /* Main.storyboard */,
				067F27032234792100598FFF /* CommentCell.swift */,
				06F5080B2224B2F5008E1518 /* Assets.xcassets */,
				06F5080D2224B2F5008E1518 /* LaunchScreen.storyboard */,
				06F508102224B2F5008E1518 /* Info.plist */,
				065715B52227544500C65C89 /* LoginViewController.swift */,
				065715B72227547B00C65C89 /* FeedViewController.swift */,
				06E5AE98222CD7FE00764793 /* CameraViewController.swift */,
				06E5AE9A222CE47900764793 /* PostCell.swift */,
			);
			path = Parstagram;
			sourceTree = "<group>";
		};
		06F508182224B2F5008E1518 /* ParstagramTests */ = {
			isa = PBXGroup;
			children = (
				06F508192224B2F5008E1518 /* ParstagramTests.swift */,
				06F5081B2224B2F5008E1518 /* Info.plist */,
			);
			path = ParstagramTests;
			sourceTree = "<group>";
		};
		06F508232224B2F5008E1518 /* ParstagramUITests */ = {
			isa = PBXGroup;
			children = (
				06F508242224B2F5008E1518 /* ParstagramUITests.swift */,
				06F508262224B2F5008E1518 /* Info.plist */,
			);
			path = ParstagramUITests;
			sourceTree = "<group>";
		};
		7D26CE2D867389F11B4AAFEB /* Pods */ = {
			isa = PBXGroup;
			children = (
				465877FDF3BEE11B643C83D4 /* Pods-Parstagram.debug.xcconfig */,
				C43E7C043F0135EC7308B839 /* Pods-Parstagram.release.xcconfig */,
				EB1A9AB2096E7006641F1791 /* Pods-ParstagramTests.debug.xcconfig */,
				8724DE7954F7AAD80DE3F5D6 /* Pods-ParstagramTests.release.xcconfig */,
				EEA958357443BDB3FF7C8F3C /* Pods-ParstagramUITests.debug.xcconfig */,
				303F367CB5A0EEB2A6830C6A /* Pods-ParstagramUITests.release.xcconfig */,
			);
			name = Pods;
			sourceTree = "<group>";
		};
		9D570A4428D33A6A50E2C670 /* Frameworks */ = {
			isa = PBXGroup;
			children = (
				D8071BB9D13D59F364120FCC /* Pods_Parstagram.framework */,
				D524C7B0689E609E16088676 /* Pods_ParstagramTests.framework */,
				4FC621CE6377E7AF5CBD5099 /* Pods_ParstagramUITests.framework */,
			);
			name = Frameworks;
			sourceTree = "<group>";
		};
/* End PBXGroup section */

/* Begin PBXNativeTarget section */
		06F508002224B2F0008E1518 /* Parstagram */ = {
			isa = PBXNativeTarget;
			buildConfigurationList = 06F508292224B2F5008E1518 /* Build configuration list for PBXNativeTarget "Parstagram" */;
			buildPhases = (
				C01FDABA0109857C38530108 /* [CP] Check Pods Manifest.lock */,
				06F507FD2224B2F0008E1518 /* Sources */,
				06F507FE2224B2F0008E1518 /* Frameworks */,
				06F507FF2224B2F0008E1518 /* Resources */,
				D382096947E4D6B3B4BA10EA /* [CP] Embed Pods Frameworks */,
			);
			buildRules = (
			);
			dependencies = (
			);
			name = Parstagram;
			productName = Parstagram;
			productReference = 06F508012224B2F0008E1518 /* Parstagram.app */;
			productType = "com.apple.product-type.application";
		};
		06F508142224B2F5008E1518 /* ParstagramTests */ = {
			isa = PBXNativeTarget;
			buildConfigurationList = 06F5082C2224B2F5008E1518 /* Build configuration list for PBXNativeTarget "ParstagramTests" */;
			buildPhases = (
				C031AC4EAFD1CE8CB7EFEE0F /* [CP] Check Pods Manifest.lock */,
				06F508112224B2F5008E1518 /* Sources */,
				06F508122224B2F5008E1518 /* Frameworks */,
				06F508132224B2F5008E1518 /* Resources */,
			);
			buildRules = (
			);
			dependencies = (
				06F508172224B2F5008E1518 /* PBXTargetDependency */,
			);
			name = ParstagramTests;
			productName = ParstagramTests;
			productReference = 06F508152224B2F5008E1518 /* ParstagramTests.xctest */;
			productType = "com.apple.product-type.bundle.unit-test";
		};
		06F5081F2224B2F5008E1518 /* ParstagramUITests */ = {
			isa = PBXNativeTarget;
			buildConfigurationList = 06F5082F2224B2F5008E1518 /* Build configuration list for PBXNativeTarget "ParstagramUITests" */;
			buildPhases = (
				FF7E29C3CC63C65AFA957B06 /* [CP] Check Pods Manifest.lock */,
				06F5081C2224B2F5008E1518 /* Sources */,
				06F5081D2224B2F5008E1518 /* Frameworks */,
				06F5081E2224B2F5008E1518 /* Resources */,
			);
			buildRules = (
			);
			dependencies = (
				06F508222224B2F5008E1518 /* PBXTargetDependency */,
			);
			name = ParstagramUITests;
			productName = ParstagramUITests;
			productReference = 06F508202224B2F5008E1518 /* ParstagramUITests.xctest */;
			productType = "com.apple.product-type.bundle.ui-testing";
		};
/* End PBXNativeTarget section */

/* Begin PBXProject section */
		06F507F92224B2F0008E1518 /* Project object */ = {
			isa = PBXProject;
			attributes = {
				LastSwiftUpdateCheck = 1010;
				LastUpgradeCheck = 1010;
				ORGANIZATIONNAME = geoffmontague;
				TargetAttributes = {
					06F508002224B2F0008E1518 = {
						CreatedOnToolsVersion = 10.1;
					};
					06F508142224B2F5008E1518 = {
						CreatedOnToolsVersion = 10.1;
						TestTargetID = 06F508002224B2F0008E1518;
					};
					06F5081F2224B2F5008E1518 = {
						CreatedOnToolsVersion = 10.1;
						TestTargetID = 06F508002224B2F0008E1518;
					};
				};
			};
			buildConfigurationList = 06F507FC2224B2F0008E1518 /* Build configuration list for PBXProject "Parstagram" */;
			compatibilityVersion = "Xcode 9.3";
			developmentRegion = en;
			hasScannedForEncodings = 0;
			knownRegions = (
				en,
				Base,
			);
			mainGroup = 06F507F82224B2F0008E1518;
			productRefGroup = 06F508022224B2F0008E1518 /* Products */;
			projectDirPath = "";
			projectRoot = "";
			targets = (
				06F508002224B2F0008E1518 /* Parstagram */,
				06F508142224B2F5008E1518 /* ParstagramTests */,
				06F5081F2224B2F5008E1518 /* ParstagramUITests */,
			);
		};
/* End PBXProject section */

/* Begin PBXResourcesBuildPhase section */
		06F507FF2224B2F0008E1518 /* Resources */ = {
			isa = PBXResourcesBuildPhase;
			buildActionMask = 2147483647;
			files = (
				06F5080F2224B2F5008E1518 /* LaunchScreen.storyboard in Resources */,
				06F5080C2224B2F5008E1518 /* Assets.xcassets in Resources */,
				06F5080A2224B2F0008E1518 /* Main.storyboard in Resources */,
			);
			runOnlyForDeploymentPostprocessing = 0;
		};
		06F508132224B2F5008E1518 /* Resources */ = {
			isa = PBXResourcesBuildPhase;
			buildActionMask = 2147483647;
			files = (
			);
			runOnlyForDeploymentPostprocessing = 0;
		};
		06F5081E2224B2F5008E1518 /* Resources */ = {
			isa = PBXResourcesBuildPhase;
			buildActionMask = 2147483647;
			files = (
			);
			runOnlyForDeploymentPostprocessing = 0;
		};
/* End PBXResourcesBuildPhase section */

/* Begin PBXShellScriptBuildPhase section */
		C01FDABA0109857C38530108 /* [CP] Check Pods Manifest.lock */ = {
			isa = PBXShellScriptBuildPhase;
			buildActionMask = 2147483647;
			files = (
			);
			inputFileListPaths = (
			);
			inputPaths = (
				"${PODS_PODFILE_DIR_PATH}/Podfile.lock",
				"${PODS_ROOT}/Manifest.lock",
			);
			name = "[CP] Check Pods Manifest.lock";
			outputFileListPaths = (
			);
			outputPaths = (
				"$(DERIVED_FILE_DIR)/Pods-Parstagram-checkManifestLockResult.txt",
			);
			runOnlyForDeploymentPostprocessing = 0;
			shellPath = /bin/sh;
			shellScript = "diff \"${PODS_PODFILE_DIR_PATH}/Podfile.lock\" \"${PODS_ROOT}/Manifest.lock\" > /dev/null\nif [ $? != 0 ] ; then\n    # print error to STDERR\n    echo \"error: The sandbox is not in sync with the Podfile.lock. Run 'pod install' or update your CocoaPods installation.\" >&2\n    exit 1\nfi\n# This output is used by Xcode 'outputs' to avoid re-running this script phase.\necho \"SUCCESS\" > \"${SCRIPT_OUTPUT_FILE_0}\"\n";
			showEnvVarsInLog = 0;
		};
		C031AC4EAFD1CE8CB7EFEE0F /* [CP] Check Pods Manifest.lock */ = {
			isa = PBXShellScriptBuildPhase;
			buildActionMask = 2147483647;
			files = (
			);
			inputFileListPaths = (
			);
			inputPaths = (
				"${PODS_PODFILE_DIR_PATH}/Podfile.lock",
				"${PODS_ROOT}/Manifest.lock",
			);
			name = "[CP] Check Pods Manifest.lock";
			outputFileListPaths = (
			);
			outputPaths = (
				"$(DERIVED_FILE_DIR)/Pods-ParstagramTests-checkManifestLockResult.txt",
			);
			runOnlyForDeploymentPostprocessing = 0;
			shellPath = /bin/sh;
			shellScript = "diff \"${PODS_PODFILE_DIR_PATH}/Podfile.lock\" \"${PODS_ROOT}/Manifest.lock\" > /dev/null\nif [ $? != 0 ] ; then\n    # print error to STDERR\n    echo \"error: The sandbox is not in sync with the Podfile.lock. Run 'pod install' or update your CocoaPods installation.\" >&2\n    exit 1\nfi\n# This output is used by Xcode 'outputs' to avoid re-running this script phase.\necho \"SUCCESS\" > \"${SCRIPT_OUTPUT_FILE_0}\"\n";
			showEnvVarsInLog = 0;
		};
		D382096947E4D6B3B4BA10EA /* [CP] Embed Pods Frameworks */ = {
			isa = PBXShellScriptBuildPhase;
			buildActionMask = 2147483647;
			files = (
			);
			inputFileListPaths = (
			);
			inputPaths = (
				"${SRCROOT}/Pods/Target Support Files/Pods-Parstagram/Pods-Parstagram-frameworks.sh",
				"${BUILT_PRODUCTS_DIR}/Alamofire/Alamofire.framework",
				"${BUILT_PRODUCTS_DIR}/AlamofireImage/AlamofireImage.framework",
				"${BUILT_PRODUCTS_DIR}/Bolts/Bolts.framework",
				"${BUILT_PRODUCTS_DIR}/MessageInputBar/MessageInputBar.framework",
				"${BUILT_PRODUCTS_DIR}/Parse/Parse.framework",
			);
			name = "[CP] Embed Pods Frameworks";
			outputFileListPaths = (
			);
			outputPaths = (
				"${TARGET_BUILD_DIR}/${FRAMEWORKS_FOLDER_PATH}/Alamofire.framework",
				"${TARGET_BUILD_DIR}/${FRAMEWORKS_FOLDER_PATH}/AlamofireImage.framework",
				"${TARGET_BUILD_DIR}/${FRAMEWORKS_FOLDER_PATH}/Bolts.framework",
				"${TARGET_BUILD_DIR}/${FRAMEWORKS_FOLDER_PATH}/MessageInputBar.framework",
				"${TARGET_BUILD_DIR}/${FRAMEWORKS_FOLDER_PATH}/Parse.framework",
			);
			runOnlyForDeploymentPostprocessing = 0;
			shellPath = /bin/sh;
			shellScript = "\"${SRCROOT}/Pods/Target Support Files/Pods-Parstagram/Pods-Parstagram-frameworks.sh\"\n";
			showEnvVarsInLog = 0;
		};
		FF7E29C3CC63C65AFA957B06 /* [CP] Check Pods Manifest.lock */ = {
			isa = PBXShellScriptBuildPhase;
			buildActionMask = 2147483647;
			files = (
			);
			inputFileListPaths = (
			);
			inputPaths = (
				"${PODS_PODFILE_DIR_PATH}/Podfile.lock",
				"${PODS_ROOT}/Manifest.lock",
			);
			name = "[CP] Check Pods Manifest.lock";
			outputFileListPaths = (
			);
			outputPaths = (
				"$(DERIVED_FILE_DIR)/Pods-ParstagramUITests-checkManifestLockResult.txt",
			);
			runOnlyForDeploymentPostprocessing = 0;
			shellPath = /bin/sh;
			shellScript = "diff \"${PODS_PODFILE_DIR_PATH}/Podfile.lock\" \"${PODS_ROOT}/Manifest.lock\" > /dev/null\nif [ $? != 0 ] ; then\n    # print error to STDERR\n    echo \"error: The sandbox is not in sync with the Podfile.lock. Run 'pod install' or update your CocoaPods installation.\" >&2\n    exit 1\nfi\n# This output is used by Xcode 'outputs' to avoid re-running this script phase.\necho \"SUCCESS\" > \"${SCRIPT_OUTPUT_FILE_0}\"\n";
			showEnvVarsInLog = 0;
		};
/* End PBXShellScriptBuildPhase section */

/* Begin PBXSourcesBuildPhase section */
		06F507FD2224B2F0008E1518 /* Sources */ = {
			isa = PBXSourcesBuildPhase;
			buildActionMask = 2147483647;
			files = (
				065715B62227544500C65C89 /* LoginViewController.swift in Sources */,
				06E5AE99222CD7FE00764793 /* CameraViewController.swift in Sources */,
				065715B82227547B00C65C89 /* FeedViewController.swift in Sources */,
				06F508052224B2F0008E1518 /* AppDelegate.swift in Sources */,
				06E5AE9B222CE47900764793 /* PostCell.swift in Sources */,
				067F27042234792100598FFF /* CommentCell.swift in Sources */,
			);
			runOnlyForDeploymentPostprocessing = 0;
		};
		06F508112224B2F5008E1518 /* Sources */ = {
			isa = PBXSourcesBuildPhase;
			buildActionMask = 2147483647;
			files = (
				06F5081A2224B2F5008E1518 /* ParstagramTests.swift in Sources */,
			);
			runOnlyForDeploymentPostprocessing = 0;
		};
		06F5081C2224B2F5008E1518 /* Sources */ = {
			isa = PBXSourcesBuildPhase;
			buildActionMask = 2147483647;
			files = (
				06F508252224B2F5008E1518 /* ParstagramUITests.swift in Sources */,
			);
			runOnlyForDeploymentPostprocessing = 0;
		};
/* End PBXSourcesBuildPhase section */

/* Begin PBXTargetDependency section */
		06F508172224B2F5008E1518 /* PBXTargetDependency */ = {
			isa = PBXTargetDependency;
			target = 06F508002224B2F0008E1518 /* Parstagram */;
			targetProxy = 06F508162224B2F5008E1518 /* PBXContainerItemProxy */;
		};
		06F508222224B2F5008E1518 /* PBXTargetDependency */ = {
			isa = PBXTargetDependency;
			target = 06F508002224B2F0008E1518 /* Parstagram */;
			targetProxy = 06F508212224B2F5008E1518 /* PBXContainerItemProxy */;
		};
/* End PBXTargetDependency section */

/* Begin PBXVariantGroup section */
		06F508082224B2F0008E1518 /* Main.storyboard */ = {
			isa = PBXVariantGroup;
			children = (
				06F508092224B2F0008E1518 /* Base */,
			);
			name = Main.storyboard;
			sourceTree = "<group>";
		};
		06F5080D2224B2F5008E1518 /* LaunchScreen.storyboard */ = {
			isa = PBXVariantGroup;
			children = (
				06F5080E2224B2F5008E1518 /* Base */,
			);
			name = LaunchScreen.storyboard;
			sourceTree = "<group>";
		};
/* End PBXVariantGroup section */

/* Begin XCBuildConfiguration section */
		06F508272224B2F5008E1518 /* Debug */ = {
			isa = XCBuildConfiguration;
			buildSettings = {
				ALWAYS_SEARCH_USER_PATHS = NO;
				CLANG_ANALYZER_NONNULL = YES;
				CLANG_ANALYZER_NUMBER_OBJECT_CONVERSION = YES_AGGRESSIVE;
				CLANG_CXX_LANGUAGE_STANDARD = "gnu++14";
				CLANG_CXX_LIBRARY = "libc++";
				CLANG_ENABLE_MODULES = YES;
				CLANG_ENABLE_OBJC_ARC = YES;
				CLANG_ENABLE_OBJC_WEAK = YES;
				CLANG_WARN_BLOCK_CAPTURE_AUTORELEASING = YES;
				CLANG_WARN_BOOL_CONVERSION = YES;
				CLANG_WARN_COMMA = YES;
				CLANG_WARN_CONSTANT_CONVERSION = YES;
				CLANG_WARN_DEPRECATED_OBJC_IMPLEMENTATIONS = YES;
				CLANG_WARN_DIRECT_OBJC_ISA_USAGE = YES_ERROR;
				CLANG_WARN_DOCUMENTATION_COMMENTS = YES;
				CLANG_WARN_EMPTY_BODY = YES;
				CLANG_WARN_ENUM_CONVERSION = YES;
				CLANG_WARN_INFINITE_RECURSION = YES;
				CLANG_WARN_INT_CONVERSION = YES;
				CLANG_WARN_NON_LITERAL_NULL_CONVERSION = YES;
				CLANG_WARN_OBJC_IMPLICIT_RETAIN_SELF = YES;
				CLANG_WARN_OBJC_LITERAL_CONVERSION = YES;
				CLANG_WARN_OBJC_ROOT_CLASS = YES_ERROR;
				CLANG_WARN_RANGE_LOOP_ANALYSIS = YES;
				CLANG_WARN_STRICT_PROTOTYPES = YES;
				CLANG_WARN_SUSPICIOUS_MOVE = YES;
				CLANG_WARN_UNGUARDED_AVAILABILITY = YES_AGGRESSIVE;
				CLANG_WARN_UNREACHABLE_CODE = YES;
				CLANG_WARN__DUPLICATE_METHOD_MATCH = YES;
				CODE_SIGN_IDENTITY = "iPhone Developer";
				COPY_PHASE_STRIP = NO;
				DEBUG_INFORMATION_FORMAT = dwarf;
				ENABLE_STRICT_OBJC_MSGSEND = YES;
				ENABLE_TESTABILITY = YES;
				GCC_C_LANGUAGE_STANDARD = gnu11;
				GCC_DYNAMIC_NO_PIC = NO;
				GCC_NO_COMMON_BLOCKS = YES;
				GCC_OPTIMIZATION_LEVEL = 0;
				GCC_PREPROCESSOR_DEFINITIONS = (
					"DEBUG=1",
					"$(inherited)",
				);
				GCC_WARN_64_TO_32_BIT_CONVERSION = YES;
				GCC_WARN_ABOUT_RETURN_TYPE = YES_ERROR;
				GCC_WARN_UNDECLARED_SELECTOR = YES;
				GCC_WARN_UNINITIALIZED_AUTOS = YES_AGGRESSIVE;
				GCC_WARN_UNUSED_FUNCTION = YES;
				GCC_WARN_UNUSED_VARIABLE = YES;
				IPHONEOS_DEPLOYMENT_TARGET = 12.1;
				MTL_ENABLE_DEBUG_INFO = INCLUDE_SOURCE;
				MTL_FAST_MATH = YES;
				ONLY_ACTIVE_ARCH = YES;
				SDKROOT = iphoneos;
				SWIFT_ACTIVE_COMPILATION_CONDITIONS = DEBUG;
				SWIFT_OPTIMIZATION_LEVEL = "-Onone";
			};
			name = Debug;
		};
		06F508282224B2F5008E1518 /* Release */ = {
			isa = XCBuildConfiguration;
			buildSettings = {
				ALWAYS_SEARCH_USER_PATHS = NO;
				CLANG_ANALYZER_NONNULL = YES;
				CLANG_ANALYZER_NUMBER_OBJECT_CONVERSION = YES_AGGRESSIVE;
				CLANG_CXX_LANGUAGE_STANDARD = "gnu++14";
				CLANG_CXX_LIBRARY = "libc++";
				CLANG_ENABLE_MODULES = YES;
				CLANG_ENABLE_OBJC_ARC = YES;
				CLANG_ENABLE_OBJC_WEAK = YES;
				CLANG_WARN_BLOCK_CAPTURE_AUTORELEASING = YES;
				CLANG_WARN_BOOL_CONVERSION = YES;
				CLANG_WARN_COMMA = YES;
				CLANG_WARN_CONSTANT_CONVERSION = YES;
				CLANG_WARN_DEPRECATED_OBJC_IMPLEMENTATIONS = YES;
				CLANG_WARN_DIRECT_OBJC_ISA_USAGE = YES_ERROR;
				CLANG_WARN_DOCUMENTATION_COMMENTS = YES;
				CLANG_WARN_EMPTY_BODY = YES;
				CLANG_WARN_ENUM_CONVERSION = YES;
				CLANG_WARN_INFINITE_RECURSION = YES;
				CLANG_WARN_INT_CONVERSION = YES;
				CLANG_WARN_NON_LITERAL_NULL_CONVERSION = YES;
				CLANG_WARN_OBJC_IMPLICIT_RETAIN_SELF = YES;
				CLANG_WARN_OBJC_LITERAL_CONVERSION = YES;
				CLANG_WARN_OBJC_ROOT_CLASS = YES_ERROR;
				CLANG_WARN_RANGE_LOOP_ANALYSIS = YES;
				CLANG_WARN_STRICT_PROTOTYPES = YES;
				CLANG_WARN_SUSPICIOUS_MOVE = YES;
				CLANG_WARN_UNGUARDED_AVAILABILITY = YES_AGGRESSIVE;
				CLANG_WARN_UNREACHABLE_CODE = YES;
				CLANG_WARN__DUPLICATE_METHOD_MATCH = YES;
				CODE_SIGN_IDENTITY = "iPhone Developer";
				COPY_PHASE_STRIP = NO;
				DEBUG_INFORMATION_FORMAT = "dwarf-with-dsym";
				ENABLE_NS_ASSERTIONS = NO;
				ENABLE_STRICT_OBJC_MSGSEND = YES;
				GCC_C_LANGUAGE_STANDARD = gnu11;
				GCC_NO_COMMON_BLOCKS = YES;
				GCC_WARN_64_TO_32_BIT_CONVERSION = YES;
				GCC_WARN_ABOUT_RETURN_TYPE = YES_ERROR;
				GCC_WARN_UNDECLARED_SELECTOR = YES;
				GCC_WARN_UNINITIALIZED_AUTOS = YES_AGGRESSIVE;
				GCC_WARN_UNUSED_FUNCTION = YES;
				GCC_WARN_UNUSED_VARIABLE = YES;
				IPHONEOS_DEPLOYMENT_TARGET = 12.1;
				MTL_ENABLE_DEBUG_INFO = NO;
				MTL_FAST_MATH = YES;
				SDKROOT = iphoneos;
				SWIFT_COMPILATION_MODE = wholemodule;
				SWIFT_OPTIMIZATION_LEVEL = "-O";
				VALIDATE_PRODUCT = YES;
			};
			name = Release;
		};
		06F5082A2224B2F5008E1518 /* Debug */ = {
			isa = XCBuildConfiguration;
			baseConfigurationReference = 465877FDF3BEE11B643C83D4 /* Pods-Parstagram.debug.xcconfig */;
			buildSettings = {
				ASSETCATALOG_COMPILER_APPICON_NAME = AppIcon;
				CODE_SIGN_STYLE = Automatic;
				INFOPLIST_FILE = Parstagram/Info.plist;
				LD_RUNPATH_SEARCH_PATHS = (
					"$(inherited)",
					"@executable_path/Frameworks",
				);
				PRODUCT_BUNDLE_IDENTIFIER = com.geoffmontague.Parstagram;
				PRODUCT_NAME = "$(TARGET_NAME)";
				SWIFT_VERSION = 4.2;
				TARGETED_DEVICE_FAMILY = "1,2";
			};
			name = Debug;
		};
		06F5082B2224B2F5008E1518 /* Release */ = {
			isa = XCBuildConfiguration;
			baseConfigurationReference = C43E7C043F0135EC7308B839 /* Pods-Parstagram.release.xcconfig */;
			buildSettings = {
				ASSETCATALOG_COMPILER_APPICON_NAME = AppIcon;
				CODE_SIGN_STYLE = Automatic;
				INFOPLIST_FILE = Parstagram/Info.plist;
				LD_RUNPATH_SEARCH_PATHS = (
					"$(inherited)",
					"@executable_path/Frameworks",
				);
				PRODUCT_BUNDLE_IDENTIFIER = com.geoffmontague.Parstagram;
				PRODUCT_NAME = "$(TARGET_NAME)";
				SWIFT_VERSION = 4.2;
				TARGETED_DEVICE_FAMILY = "1,2";
			};
			name = Release;
		};
		06F5082D2224B2F5008E1518 /* Debug */ = {
			isa = XCBuildConfiguration;
			baseConfigurationReference = EB1A9AB2096E7006641F1791 /* Pods-ParstagramTests.debug.xcconfig */;
			buildSettings = {
				ALWAYS_EMBED_SWIFT_STANDARD_LIBRARIES = YES;
				BUNDLE_LOADER = "$(TEST_HOST)";
				CODE_SIGN_STYLE = Automatic;
				INFOPLIST_FILE = ParstagramTests/Info.plist;
				LD_RUNPATH_SEARCH_PATHS = (
					"$(inherited)",
					"@executable_path/Frameworks",
					"@loader_path/Frameworks",
				);
				PRODUCT_BUNDLE_IDENTIFIER = com.geoffmontague.ParstagramTests;
				PRODUCT_NAME = "$(TARGET_NAME)";
				SWIFT_VERSION = 4.2;
				TARGETED_DEVICE_FAMILY = "1,2";
				TEST_HOST = "$(BUILT_PRODUCTS_DIR)/Parstagram.app/Parstagram";
			};
			name = Debug;
		};
		06F5082E2224B2F5008E1518 /* Release */ = {
			isa = XCBuildConfiguration;
			baseConfigurationReference = 8724DE7954F7AAD80DE3F5D6 /* Pods-ParstagramTests.release.xcconfig */;
			buildSettings = {
				ALWAYS_EMBED_SWIFT_STANDARD_LIBRARIES = YES;
				BUNDLE_LOADER = "$(TEST_HOST)";
				CODE_SIGN_STYLE = Automatic;
				INFOPLIST_FILE = ParstagramTests/Info.plist;
				LD_RUNPATH_SEARCH_PATHS = (
					"$(inherited)",
					"@executable_path/Frameworks",
					"@loader_path/Frameworks",
				);
				PRODUCT_BUNDLE_IDENTIFIER = com.geoffmontague.ParstagramTests;
				PRODUCT_NAME = "$(TARGET_NAME)";
				SWIFT_VERSION = 4.2;
				TARGETED_DEVICE_FAMILY = "1,2";
				TEST_HOST = "$(BUILT_PRODUCTS_DIR)/Parstagram.app/Parstagram";
			};
			name = Release;
		};
		06F508302224B2F5008E1518 /* Debug */ = {
			isa = XCBuildConfiguration;
			baseConfigurationReference = EEA958357443BDB3FF7C8F3C /* Pods-ParstagramUITests.debug.xcconfig */;
			buildSettings = {
				ALWAYS_EMBED_SWIFT_STANDARD_LIBRARIES = YES;
				CODE_SIGN_STYLE = Automatic;
				INFOPLIST_FILE = ParstagramUITests/Info.plist;
				LD_RUNPATH_SEARCH_PATHS = (
					"$(inherited)",
					"@executable_path/Frameworks",
					"@loader_path/Frameworks",
				);
				PRODUCT_BUNDLE_IDENTIFIER = com.geoffmontague.ParstagramUITests;
				PRODUCT_NAME = "$(TARGET_NAME)";
				SWIFT_VERSION = 4.2;
				TARGETED_DEVICE_FAMILY = "1,2";
				TEST_TARGET_NAME = Parstagram;
			};
			name = Debug;
		};
		06F508312224B2F5008E1518 /* Release */ = {
			isa = XCBuildConfiguration;
			baseConfigurationReference = 303F367CB5A0EEB2A6830C6A /* Pods-ParstagramUITests.release.xcconfig */;
			buildSettings = {
				ALWAYS_EMBED_SWIFT_STANDARD_LIBRARIES = YES;
				CODE_SIGN_STYLE = Automatic;
				INFOPLIST_FILE = ParstagramUITests/Info.plist;
				LD_RUNPATH_SEARCH_PATHS = (
					"$(inherited)",
					"@executable_path/Frameworks",
					"@loader_path/Frameworks",
				);
				PRODUCT_BUNDLE_IDENTIFIER = com.geoffmontague.ParstagramUITests;
				PRODUCT_NAME = "$(TARGET_NAME)";
				SWIFT_VERSION = 4.2;
				TARGETED_DEVICE_FAMILY = "1,2";
				TEST_TARGET_NAME = Parstagram;
			};
			name = Release;
		};
/* End XCBuildConfiguration section */

/* Begin XCConfigurationList section */
		06F507FC2224B2F0008E1518 /* Build configuration list for PBXProject "Parstagram" */ = {
			isa = XCConfigurationList;
			buildConfigurations = (
				06F508272224B2F5008E1518 /* Debug */,
				06F508282224B2F5008E1518 /* Release */,
			);
			defaultConfigurationIsVisible = 0;
			defaultConfigurationName = Release;
		};
		06F508292224B2F5008E1518 /* Build configuration list for PBXNativeTarget "Parstagram" */ = {
			isa = XCConfigurationList;
			buildConfigurations = (
				06F5082A2224B2F5008E1518 /* Debug */,
				06F5082B2224B2F5008E1518 /* Release */,
			);
			defaultConfigurationIsVisible = 0;
			defaultConfigurationName = Release;
		};
		06F5082C2224B2F5008E1518 /* Build configuration list for PBXNativeTarget "ParstagramTests" */ = {
			isa = XCConfigurationList;
			buildConfigurations = (
				06F5082D2224B2F5008E1518 /* Debug */,
				06F5082E2224B2F5008E1518 /* Release */,
			);
			defaultConfigurationIsVisible = 0;
			defaultConfigurationName = Release;
		};
		06F5082F2224B2F5008E1518 /* Build configuration list for PBXNativeTarget "ParstagramUITests" */ = {
			isa = XCConfigurationList;
			buildConfigurations = (
				06F508302224B2F5008E1518 /* Debug */,
				06F508312224B2F5008E1518 /* Release */,
			);
			defaultConfigurationIsVisible = 0;
			defaultConfigurationName = Release;
		};
/* End XCConfigurationList section */
	};
	rootObject = 06F507F92224B2F0008E1518 /* Project object */;
}
